// !$*UTF8*$!
{
	archiveVersion = 1;
	classes = {
	};
	objectVersion = 52;
	objects = {

/* Begin PBXBuildFile section */
		532410CA2605E4B6005C399F /* NewsAppApp.swift in Sources */ = {isa = PBXBuildFile; fileRef = 532410C92605E4B6005C399F /* NewsAppApp.swift */; };
		532410CC2605E4B6005C399F /* ContentView.swift in Sources */ = {isa = PBXBuildFile; fileRef = 532410CB2605E4B6005C399F /* ContentView.swift */; };
		532410CE2605E4B7005C399F /* Assets.xcassets in Resources */ = {isa = PBXBuildFile; fileRef = 532410CD2605E4B7005C399F /* Assets.xcassets */; };
		532410D12605E4B7005C399F /* Preview Assets.xcassets in Resources */ = {isa = PBXBuildFile; fileRef = 532410D02605E4B7005C399F /* Preview Assets.xcassets */; };
		532410DC2605E4B8005C399F /* NewsAppTests.swift in Sources */ = {isa = PBXBuildFile; fileRef = 532410DB2605E4B8005C399F /* NewsAppTests.swift */; };
		532410E72605E4B8005C399F /* NewsAppUITests.swift in Sources */ = {isa = PBXBuildFile; fileRef = 532410E62605E4B8005C399F /* NewsAppUITests.swift */; };
		532410FD2605E4EF005C399F /* Login in Frameworks */ = {isa = PBXBuildFile; productRef = 532410FC2605E4EF005C399F /* Login */; };
		53B8E0A02605EED800666F70 /* Feeds in Frameworks */ = {isa = PBXBuildFile; productRef = 53B8E09F2605EED800666F70 /* Feeds */; };
/* End PBXBuildFile section */

/* Begin PBXContainerItemProxy section */
		532410D82605E4B8005C399F /* PBXContainerItemProxy */ = {
			isa = PBXContainerItemProxy;
			containerPortal = 532410BE2605E4B6005C399F /* Project object */;
			proxyType = 1;
			remoteGlobalIDString = 532410C52605E4B6005C399F;
			remoteInfo = NewsApp;
		};
		532410E32605E4B8005C399F /* PBXContainerItemProxy */ = {
			isa = PBXContainerItemProxy;
			containerPortal = 532410BE2605E4B6005C399F /* Project object */;
			proxyType = 1;
			remoteGlobalIDString = 532410C52605E4B6005C399F;
			remoteInfo = NewsApp;
		};
/* End PBXContainerItemProxy section */

/* Begin PBXFileReference section */
		532410C62605E4B6005C399F /* NewsApp.app */ = {isa = PBXFileReference; explicitFileType = wrapper.application; includeInIndex = 0; path = NewsApp.app; sourceTree = BUILT_PRODUCTS_DIR; };
		532410C92605E4B6005C399F /* NewsAppApp.swift */ = {isa = PBXFileReference; lastKnownFileType = sourcecode.swift; path = NewsAppApp.swift; sourceTree = "<group>"; };
		532410CB2605E4B6005C399F /* ContentView.swift */ = {isa = PBXFileReference; lastKnownFileType = sourcecode.swift; path = ContentView.swift; sourceTree = "<group>"; };
		532410CD2605E4B7005C399F /* Assets.xcassets */ = {isa = PBXFileReference; lastKnownFileType = folder.assetcatalog; path = Assets.xcassets; sourceTree = "<group>"; };
		532410D02605E4B7005C399F /* Preview Assets.xcassets */ = {isa = PBXFileReference; lastKnownFileType = folder.assetcatalog; path = "Preview Assets.xcassets"; sourceTree = "<group>"; };
		532410D22605E4B7005C399F /* Info.plist */ = {isa = PBXFileReference; lastKnownFileType = text.plist.xml; path = Info.plist; sourceTree = "<group>"; };
		532410D72605E4B8005C399F /* NewsAppTests.xctest */ = {isa = PBXFileReference; explicitFileType = wrapper.cfbundle; includeInIndex = 0; path = NewsAppTests.xctest; sourceTree = BUILT_PRODUCTS_DIR; };
		532410DB2605E4B8005C399F /* NewsAppTests.swift */ = {isa = PBXFileReference; lastKnownFileType = sourcecode.swift; path = NewsAppTests.swift; sourceTree = "<group>"; };
		532410DD2605E4B8005C399F /* Info.plist */ = {isa = PBXFileReference; lastKnownFileType = text.plist.xml; path = Info.plist; sourceTree = "<group>"; };
		532410E22605E4B8005C399F /* NewsAppUITests.xctest */ = {isa = PBXFileReference; explicitFileType = wrapper.cfbundle; includeInIndex = 0; path = NewsAppUITests.xctest; sourceTree = BUILT_PRODUCTS_DIR; };
		532410E62605E4B8005C399F /* NewsAppUITests.swift */ = {isa = PBXFileReference; lastKnownFileType = sourcecode.swift; path = NewsAppUITests.swift; sourceTree = "<group>"; };
		532410E82605E4B8005C399F /* Info.plist */ = {isa = PBXFileReference; lastKnownFileType = text.plist.xml; path = Info.plist; sourceTree = "<group>"; };
		53B8E0AB2605F3AB00666F70 /* Feeds */ = {isa = PBXFileReference; lastKnownFileType = folder; path = Feeds; sourceTree = "<group>"; };
		53B8E0AF2605F3C500666F70 /* Login */ = {isa = PBXFileReference; lastKnownFileType = folder; path = Login; sourceTree = "<group>"; };
/* End PBXFileReference section */

/* Begin PBXFrameworksBuildPhase section */
		532410C32605E4B6005C399F /* Frameworks */ = {
			isa = PBXFrameworksBuildPhase;
			buildActionMask = 2147483647;
			files = (
				53B8E0A02605EED800666F70 /* Feeds in Frameworks */,
				532410FD2605E4EF005C399F /* Login in Frameworks */,
			);
			runOnlyForDeploymentPostprocessing = 0;
		};
		532410D42605E4B8005C399F /* Frameworks */ = {
			isa = PBXFrameworksBuildPhase;
			buildActionMask = 2147483647;
			files = (
			);
			runOnlyForDeploymentPostprocessing = 0;
		};
		532410DF2605E4B8005C399F /* Frameworks */ = {
			isa = PBXFrameworksBuildPhase;
			buildActionMask = 2147483647;
			files = (
			);
			runOnlyForDeploymentPostprocessing = 0;
		};
/* End PBXFrameworksBuildPhase section */

/* Begin PBXGroup section */
		532410BD2605E4B6005C399F = {
			isa = PBXGroup;
			children = (
				53B8E0AF2605F3C500666F70 /* Login */,
				53B8E0AB2605F3AB00666F70 /* Feeds */,
				532410C82605E4B6005C399F /* NewsApp */,
				532410DA2605E4B8005C399F /* NewsAppTests */,
				532410E52605E4B8005C399F /* NewsAppUITests */,
				532410C72605E4B6005C399F /* Products */,
				532410FB2605E4EF005C399F /* Frameworks */,
			);
			sourceTree = "<group>";
		};
		532410C72605E4B6005C399F /* Products */ = {
			isa = PBXGroup;
			children = (
				532410C62605E4B6005C399F /* NewsApp.app */,
				532410D72605E4B8005C399F /* NewsAppTests.xctest */,
				532410E22605E4B8005C399F /* NewsAppUITests.xctest */,
			);
			name = Products;
			sourceTree = "<group>";
		};
		532410C82605E4B6005C399F /* NewsApp */ = {
			isa = PBXGroup;
			children = (
				532410C92605E4B6005C399F /* NewsAppApp.swift */,
				532410CB2605E4B6005C399F /* ContentView.swift */,
				532410CD2605E4B7005C399F /* Assets.xcassets */,
				532410D22605E4B7005C399F /* Info.plist */,
				532410CF2605E4B7005C399F /* Preview Content */,
			);
			path = NewsApp;
			sourceTree = "<group>";
		};
		532410CF2605E4B7005C399F /* Preview Content */ = {
			isa = PBXGroup;
			children = (
				532410D02605E4B7005C399F /* Preview Assets.xcassets */,
			);
			path = "Preview Content";
			sourceTree = "<group>";
		};
		532410DA2605E4B8005C399F /* NewsAppTests */ = {
			isa = PBXGroup;
			children = (
				532410DB2605E4B8005C399F /* NewsAppTests.swift */,
				532410DD2605E4B8005C399F /* Info.plist */,
			);
			path = NewsAppTests;
			sourceTree = "<group>";
		};
		532410E52605E4B8005C399F /* NewsAppUITests */ = {
			isa = PBXGroup;
			children = (
				532410E62605E4B8005C399F /* NewsAppUITests.swift */,
				532410E82605E4B8005C399F /* Info.plist */,
			);
			path = NewsAppUITests;
			sourceTree = "<group>";
		};
		532410FB2605E4EF005C399F /* Frameworks */ = {
			isa = PBXGroup;
			children = (
			);
			name = Frameworks;
			sourceTree = "<group>";
		};
/* End PBXGroup section */

/* Begin PBXNativeTarget section */
		532410C52605E4B6005C399F /* NewsApp */ = {
			isa = PBXNativeTarget;
			buildConfigurationList = 532410EB2605E4B8005C399F /* Build configuration list for PBXNativeTarget "NewsApp" */;
			buildPhases = (
				532410C22605E4B6005C399F /* Sources */,
				532410C32605E4B6005C399F /* Frameworks */,
				532410C42605E4B6005C399F /* Resources */,
			);
			buildRules = (
			);
			dependencies = (
			);
			name = NewsApp;
			packageProductDependencies = (
				532410FC2605E4EF005C399F /* Login */,
				53B8E09F2605EED800666F70 /* Feeds */,
			);
			productName = NewsApp;
			productReference = 532410C62605E4B6005C399F /* NewsApp.app */;
			productType = "com.apple.product-type.application";
		};
		532410D62605E4B8005C399F /* NewsAppTests */ = {
			isa = PBXNativeTarget;
			buildConfigurationList = 532410EE2605E4B8005C399F /* Build configuration list for PBXNativeTarget "NewsAppTests" */;
			buildPhases = (
				532410D32605E4B8005C399F /* Sources */,
				532410D42605E4B8005C399F /* Frameworks */,
				532410D52605E4B8005C399F /* Resources */,
			);
			buildRules = (
			);
			dependencies = (
				532410D92605E4B8005C399F /* PBXTargetDependency */,
			);
			name = NewsAppTests;
			productName = NewsAppTests;
			productReference = 532410D72605E4B8005C399F /* NewsAppTests.xctest */;
			productType = "com.apple.product-type.bundle.unit-test";
		};
		532410E12605E4B8005C399F /* NewsAppUITests */ = {
			isa = PBXNativeTarget;
			buildConfigurationList = 532410F12605E4B8005C399F /* Build configuration list for PBXNativeTarget "NewsAppUITests" */;
			buildPhases = (
				532410DE2605E4B8005C399F /* Sources */,
				532410DF2605E4B8005C399F /* Frameworks */,
				532410E02605E4B8005C399F /* Resources */,
			);
			buildRules = (
			);
			dependencies = (
				532410E42605E4B8005C399F /* PBXTargetDependency */,
			);
			name = NewsAppUITests;
			productName = NewsAppUITests;
			productReference = 532410E22605E4B8005C399F /* NewsAppUITests.xctest */;
			productType = "com.apple.product-type.bundle.ui-testing";
		};
/* End PBXNativeTarget section */

/* Begin PBXProject section */
		532410BE2605E4B6005C399F /* Project object */ = {
			isa = PBXProject;
			attributes = {
				LastSwiftUpdateCheck = 1240;
				LastUpgradeCheck = 1240;
				TargetAttributes = {
					532410C52605E4B6005C399F = {
						CreatedOnToolsVersion = 12.4;
					};
					532410D62605E4B8005C399F = {
						CreatedOnToolsVersion = 12.4;
						TestTargetID = 532410C52605E4B6005C399F;
					};
					532410E12605E4B8005C399F = {
						CreatedOnToolsVersion = 12.4;
						TestTargetID = 532410C52605E4B6005C399F;
					};
				};
			};
			buildConfigurationList = 532410C12605E4B6005C399F /* Build configuration list for PBXProject "NewsApp" */;
			compatibilityVersion = "Xcode 9.3";
			developmentRegion = en;
			hasScannedForEncodings = 0;
			knownRegions = (
				en,
				Base,
			);
			mainGroup = 532410BD2605E4B6005C399F;
			productRefGroup = 532410C72605E4B6005C399F /* Products */;
			projectDirPath = "";
			projectRoot = "";
			targets = (
				532410C52605E4B6005C399F /* NewsApp */,
				532410D62605E4B8005C399F /* NewsAppTests */,
				532410E12605E4B8005C399F /* NewsAppUITests */,
			);
		};
/* End PBXProject section */

/* Begin PBXResourcesBuildPhase section */
		532410C42605E4B6005C399F /* Resources */ = {
			isa = PBXResourcesBuildPhase;
			buildActionMask = 2147483647;
			files = (
				532410D12605E4B7005C399F /* Preview Assets.xcassets in Resources */,
				532410CE2605E4B7005C399F /* Assets.xcassets in Resources */,
			);
			runOnlyForDeploymentPostprocessing = 0;
		};
		532410D52605E4B8005C399F /* Resources */ = {
			isa = PBXResourcesBuildPhase;
			buildActionMask = 2147483647;
			files = (
			);
			runOnlyForDeploymentPostprocessing = 0;
		};
		532410E02605E4B8005C399F /* Resources */ = {
			isa = PBXResourcesBuildPhase;
			buildActionMask = 2147483647;
			files = (
			);
			runOnlyForDeploymentPostprocessing = 0;
		};
/* End PBXResourcesBuildPhase section */

/* Begin PBXSourcesBuildPhase section */
		532410C22605E4B6005C399F /* Sources */ = {
			isa = PBXSourcesBuildPhase;
			buildActionMask = 2147483647;
			files = (
				532410CC2605E4B6005C399F /* ContentView.swift in Sources */,
				532410CA2605E4B6005C399F /* NewsAppApp.swift in Sources */,
			);
			runOnlyForDeploymentPostprocessing = 0;
		};
		532410D32605E4B8005C399F /* Sources */ = {
			isa = PBXSourcesBuildPhase;
			buildActionMask = 2147483647;
			files = (
				532410DC2605E4B8005C399F /* NewsAppTests.swift in Sources */,
			);
			runOnlyForDeploymentPostprocessing = 0;
		};
		532410DE2605E4B8005C399F /* Sources */ = {
			isa = PBXSourcesBuildPhase;
			buildActionMask = 2147483647;
			files = (
				532410E72605E4B8005C399F /* NewsAppUITests.swift in Sources */,
			);
			runOnlyForDeploymentPostprocessing = 0;
		};
/* End PBXSourcesBuildPhase section */

/* Begin PBXTargetDependency section */
		532410D92605E4B8005C399F /* PBXTargetDependency */ = {
			isa = PBXTargetDependency;
			target = 532410C52605E4B6005C399F /* NewsApp */;
			targetProxy = 532410D82605E4B8005C399F /* PBXContainerItemProxy */;
		};
		532410E42605E4B8005C399F /* PBXTargetDependency */ = {
			isa = PBXTargetDependency;
			target = 532410C52605E4B6005C399F /* NewsApp */;
			targetProxy = 532410E32605E4B8005C399F /* PBXContainerItemProxy */;
		};
/* End PBXTargetDependency section */

/* Begin XCBuildConfiguration section */
		532410E92605E4B8005C399F /* Debug */ = {
			isa = XCBuildConfiguration;
			buildSettings = {
				ALWAYS_SEARCH_USER_PATHS = NO;
				CLANG_ANALYZER_NONNULL = YES;
				CLANG_ANALYZER_NUMBER_OBJECT_CONVERSION = YES_AGGRESSIVE;
				CLANG_CXX_LANGUAGE_STANDARD = "gnu++14";
				CLANG_CXX_LIBRARY = "libc++";
				CLANG_ENABLE_MODULES = YES;
				CLANG_ENABLE_OBJC_ARC = YES;
				CLANG_ENABLE_OBJC_WEAK = YES;
				CLANG_WARN_BLOCK_CAPTURE_AUTORELEASING = YES;
				CLANG_WARN_BOOL_CONVERSION = YES;
				CLANG_WARN_COMMA = YES;
				CLANG_WARN_CONSTANT_CONVERSION = YES;
				CLANG_WARN_DEPRECATED_OBJC_IMPLEMENTATIONS = YES;
				CLANG_WARN_DIRECT_OBJC_ISA_USAGE = YES_ERROR;
				CLANG_WARN_DOCUMENTATION_COMMENTS = YES;
				CLANG_WARN_EMPTY_BODY = YES;
				CLANG_WARN_ENUM_CONVERSION = YES;
				CLANG_WARN_INFINITE_RECURSION = YES;
				CLANG_WARN_INT_CONVERSION = YES;
				CLANG_WARN_NON_LITERAL_NULL_CONVERSION = YES;
				CLANG_WARN_OBJC_IMPLICIT_RETAIN_SELF = YES;
				CLANG_WARN_OBJC_LITERAL_CONVERSION = YES;
				CLANG_WARN_OBJC_ROOT_CLASS = YES_ERROR;
				CLANG_WARN_QUOTED_INCLUDE_IN_FRAMEWORK_HEADER = YES;
				CLANG_WARN_RANGE_LOOP_ANALYSIS = YES;
				CLANG_WARN_STRICT_PROTOTYPES = YES;
				CLANG_WARN_SUSPICIOUS_MOVE = YES;
				CLANG_WARN_UNGUARDED_AVAILABILITY = YES_AGGRESSIVE;
				CLANG_WARN_UNREACHABLE_CODE = YES;
				CLANG_WARN__DUPLICATE_METHOD_MATCH = YES;
				COPY_PHASE_STRIP = NO;
				DEBUG_INFORMATION_FORMAT = dwarf;
				ENABLE_STRICT_OBJC_MSGSEND = YES;
				ENABLE_TESTABILITY = YES;
				GCC_C_LANGUAGE_STANDARD = gnu11;
				GCC_DYNAMIC_NO_PIC = NO;
				GCC_NO_COMMON_BLOCKS = YES;
				GCC_OPTIMIZATION_LEVEL = 0;
				GCC_PREPROCESSOR_DEFINITIONS = (
					"DEBUG=1",
					"$(inherited)",
				);
				GCC_WARN_64_TO_32_BIT_CONVERSION = YES;
				GCC_WARN_ABOUT_RETURN_TYPE = YES_ERROR;
				GCC_WARN_UNDECLARED_SELECTOR = YES;
				GCC_WARN_UNINITIALIZED_AUTOS = YES_AGGRESSIVE;
				GCC_WARN_UNUSED_FUNCTION = YES;
				GCC_WARN_UNUSED_VARIABLE = YES;
				IPHONEOS_DEPLOYMENT_TARGET = 14.4;
				MTL_ENABLE_DEBUG_INFO = INCLUDE_SOURCE;
				MTL_FAST_MATH = YES;
				ONLY_ACTIVE_ARCH = YES;
				SDKROOT = iphoneos;
				SWIFT_ACTIVE_COMPILATION_CONDITIONS = DEBUG;
				SWIFT_OPTIMIZATION_LEVEL = "-Onone";
			};
			name = Debug;
		};
		532410EA2605E4B8005C399F /* Release */ = {
			isa = XCBuildConfiguration;
			buildSettings = {
				ALWAYS_SEARCH_USER_PATHS = NO;
				CLANG_ANALYZER_NONNULL = YES;
				CLANG_ANALYZER_NUMBER_OBJECT_CONVERSION = YES_AGGRESSIVE;
				CLANG_CXX_LANGUAGE_STANDARD = "gnu++14";
				CLANG_CXX_LIBRARY = "libc++";
				CLANG_ENABLE_MODULES = YES;
				CLANG_ENABLE_OBJC_ARC = YES;
				CLANG_ENABLE_OBJC_WEAK = YES;
				CLANG_WARN_BLOCK_CAPTURE_AUTORELEASING = YES;
				CLANG_WARN_BOOL_CONVERSION = YES;
				CLANG_WARN_COMMA = YES;
				CLANG_WARN_CONSTANT_CONVERSION = YES;
				CLANG_WARN_DEPRECATED_OBJC_IMPLEMENTATIONS = YES;
				CLANG_WARN_DIRECT_OBJC_ISA_USAGE = YES_ERROR;
				CLANG_WARN_DOCUMENTATION_COMMENTS = YES;
				CLANG_WARN_EMPTY_BODY = YES;
				CLANG_WARN_ENUM_CONVERSION = YES;
				CLANG_WARN_INFINITE_RECURSION = YES;
				CLANG_WARN_INT_CONVERSION = YES;
				CLANG_WARN_NON_LITERAL_NULL_CONVERSION = YES;
				CLANG_WARN_OBJC_IMPLICIT_RETAIN_SELF = YES;
				CLANG_WARN_OBJC_LITERAL_CONVERSION = YES;
				CLANG_WARN_OBJC_ROOT_CLASS = YES_ERROR;
				CLANG_WARN_QUOTED_INCLUDE_IN_FRAMEWORK_HEADER = YES;
				CLANG_WARN_RANGE_LOOP_ANALYSIS = YES;
				CLANG_WARN_STRICT_PROTOTYPES = YES;
				CLANG_WARN_SUSPICIOUS_MOVE = YES;
				CLANG_WARN_UNGUARDED_AVAILABILITY = YES_AGGRESSIVE;
				CLANG_WARN_UNREACHABLE_CODE = YES;
				CLANG_WARN__DUPLICATE_METHOD_MATCH = YES;
				COPY_PHASE_STRIP = NO;
				DEBUG_INFORMATION_FORMAT = "dwarf-with-dsym";
				ENABLE_NS_ASSERTIONS = NO;
				ENABLE_STRICT_OBJC_MSGSEND = YES;
				GCC_C_LANGUAGE_STANDARD = gnu11;
				GCC_NO_COMMON_BLOCKS = YES;
				GCC_WARN_64_TO_32_BIT_CONVERSION = YES;
				GCC_WARN_ABOUT_RETURN_TYPE = YES_ERROR;
				GCC_WARN_UNDECLARED_SELECTOR = YES;
				GCC_WARN_UNINITIALIZED_AUTOS = YES_AGGRESSIVE;
				GCC_WARN_UNUSED_FUNCTION = YES;
				GCC_WARN_UNUSED_VARIABLE = YES;
				IPHONEOS_DEPLOYMENT_TARGET = 14.4;
				MTL_ENABLE_DEBUG_INFO = NO;
				MTL_FAST_MATH = YES;
				SDKROOT = iphoneos;
				SWIFT_COMPILATION_MODE = wholemodule;
				SWIFT_OPTIMIZATION_LEVEL = "-O";
				VALIDATE_PRODUCT = YES;
			};
			name = Release;
		};
		532410EC2605E4B8005C399F /* Debug */ = {
			isa = XCBuildConfiguration;
			buildSettings = {
				ASSETCATALOG_COMPILER_APPICON_NAME = AppIcon;
				ASSETCATALOG_COMPILER_GLOBAL_ACCENT_COLOR_NAME = AccentColor;
				CODE_SIGN_STYLE = Automatic;
				DEVELOPMENT_ASSET_PATHS = "\"NewsApp/Preview Content\"";
				DEVELOPMENT_TEAM = MY827B5QS8;
				ENABLE_PREVIEWS = YES;
				INFOPLIST_FILE = NewsApp/Info.plist;
				IPHONEOS_DEPLOYMENT_TARGET = 14.0;
				LD_RUNPATH_SEARCH_PATHS = (
					"$(inherited)",
					"@executable_path/Frameworks",
				);
				PRODUCT_BUNDLE_IDENTIFIER = askar.ulubayev.NewsApp;
				PRODUCT_NAME = "$(TARGET_NAME)";
				SWIFT_VERSION = 5.0;
				TARGETED_DEVICE_FAMILY = "1,2";
			};
			name = Debug;
		};
		532410ED2605E4B8005C399F /* Release */ = {
			isa = XCBuildConfiguration;
			buildSettings = {
				ASSETCATALOG_COMPILER_APPICON_NAME = AppIcon;
				ASSETCATALOG_COMPILER_GLOBAL_ACCENT_COLOR_NAME = AccentColor;
				CODE_SIGN_STYLE = Automatic;
				DEVELOPMENT_ASSET_PATHS = "\"NewsApp/Preview Content\"";
				DEVELOPMENT_TEAM = MY827B5QS8;
				ENABLE_PREVIEWS = YES;
				INFOPLIST_FILE = NewsApp/Info.plist;
				IPHONEOS_DEPLOYMENT_TARGET = 14.0;
				LD_RUNPATH_SEARCH_PATHS = (
					"$(inherited)",
					"@executable_path/Frameworks",
				);
				PRODUCT_BUNDLE_IDENTIFIER = askar.ulubayev.NewsApp;
				PRODUCT_NAME = "$(TARGET_NAME)";
				SWIFT_VERSION = 5.0;
				TARGETED_DEVICE_FAMILY = "1,2";
			};
			name = Release;
		};
		532410EF2605E4B8005C399F /* Debug */ = {
			isa = XCBuildConfiguration;
			buildSettings = {
				ALWAYS_EMBED_SWIFT_STANDARD_LIBRARIES = YES;
				BUNDLE_LOADER = "$(TEST_HOST)";
				CODE_SIGN_STYLE = Automatic;
				DEVELOPMENT_TEAM = MY827B5QS8;
				INFOPLIST_FILE = NewsAppTests/Info.plist;
				IPHONEOS_DEPLOYMENT_TARGET = 14.0;
				LD_RUNPATH_SEARCH_PATHS = (
					"$(inherited)",
					"@executable_path/Frameworks",
					"@loader_path/Frameworks",
				);
				PRODUCT_BUNDLE_IDENTIFIER = askar.ulubayev.NewsAppTests;
				PRODUCT_NAME = "$(TARGET_NAME)";
				SWIFT_VERSION = 5.0;
				TARGETED_DEVICE_FAMILY = "1,2";
				TEST_HOST = "$(BUILT_PRODUCTS_DIR)/NewsApp.app/NewsApp";
			};
			name = Debug;
		};
		532410F02605E4B8005C399F /* Release */ = {
			isa = XCBuildConfiguration;
			buildSettings = {
				ALWAYS_EMBED_SWIFT_STANDARD_LIBRARIES = YES;
				BUNDLE_LOADER = "$(TEST_HOST)";
				CODE_SIGN_STYLE = Automatic;
				DEVELOPMENT_TEAM = MY827B5QS8;
				INFOPLIST_FILE = NewsAppTests/Info.plist;
				IPHONEOS_DEPLOYMENT_TARGET = 14.0;
				LD_RUNPATH_SEARCH_PATHS = (
					"$(inherited)",
					"@executable_path/Frameworks",
					"@loader_path/Frameworks",
				);
				PRODUCT_BUNDLE_IDENTIFIER = askar.ulubayev.NewsAppTests;
				PRODUCT_NAME = "$(TARGET_NAME)";
				SWIFT_VERSION = 5.0;
				TARGETED_DEVICE_FAMILY = "1,2";
				TEST_HOST = "$(BUILT_PRODUCTS_DIR)/NewsApp.app/NewsApp";
			};
			name = Release;
		};
		532410F22605E4B8005C399F /* Debug */ = {
			isa = XCBuildConfiguration;
			buildSettings = {
				ALWAYS_EMBED_SWIFT_STANDARD_LIBRARIES = YES;
				CODE_SIGN_STYLE = Automatic;
				DEVELOPMENT_TEAM = MY827B5QS8;
				INFOPLIST_FILE = NewsAppUITests/Info.plist;
				LD_RUNPATH_SEARCH_PATHS = (
					"$(inherited)",
					"@executable_path/Frameworks",
					"@loader_path/Frameworks",
				);
				PRODUCT_BUNDLE_IDENTIFIER = askar.ulubayev.NewsAppUITests;
				PRODUCT_NAME = "$(TARGET_NAME)";
				SWIFT_VERSION = 5.0;
				TARGETED_DEVICE_FAMILY = "1,2";
				TEST_TARGET_NAME = NewsApp;
			};
			name = Debug;
		};
		532410F32605E4B8005C399F /* Release */ = {
			isa = XCBuildConfiguration;
			buildSettings = {
				ALWAYS_EMBED_SWIFT_STANDARD_LIBRARIES = YES;
				CODE_SIGN_STYLE = Automatic;
				DEVELOPMENT_TEAM = MY827B5QS8;
				INFOPLIST_FILE = NewsAppUITests/Info.plist;
				LD_RUNPATH_SEARCH_PATHS = (
					"$(inherited)",
					"@executable_path/Frameworks",
					"@loader_path/Frameworks",
				);
				PRODUCT_BUNDLE_IDENTIFIER = askar.ulubayev.NewsAppUITests;
				PRODUCT_NAME = "$(TARGET_NAME)";
				SWIFT_VERSION = 5.0;
				TARGETED_DEVICE_FAMILY = "1,2";
				TEST_TARGET_NAME = NewsApp;
			};
			name = Release;
		};
/* End XCBuildConfiguration section */

/* Begin XCConfigurationList section */
		532410C12605E4B6005C399F /* Build configuration list for PBXProject "NewsApp" */ = {
			isa = XCConfigurationList;
			buildConfigurations = (
				532410E92605E4B8005C399F /* Debug */,
				532410EA2605E4B8005C399F /* Release */,
			);
			defaultConfigurationIsVisible = 0;
			defaultConfigurationName = Release;
		};
		532410EB2605E4B8005C399F /* Build configuration list for PBXNativeTarget "NewsApp" */ = {
			isa = XCConfigurationList;
			buildConfigurations = (
				532410EC2605E4B8005C399F /* Debug */,
				532410ED2605E4B8005C399F /* Release */,
			);
			defaultConfigurationIsVisible = 0;
			defaultConfigurationName = Release;
		};
		532410EE2605E4B8005C399F /* Build configuration list for PBXNativeTarget "NewsAppTests" */ = {
			isa = XCConfigurationList;
			buildConfigurations = (
				532410EF2605E4B8005C399F /* Debug */,
				532410F02605E4B8005C399F /* Release */,
			);
			defaultConfigurationIsVisible = 0;
			defaultConfigurationName = Release;
		};
		532410F12605E4B8005C399F /* Build configuration list for PBXNativeTarget "NewsAppUITests" */ = {
			isa = XCConfigurationList;
			buildConfigurations = (
				532410F22605E4B8005C399F /* Debug */,
				532410F32605E4B8005C399F /* Release */,
			);
			defaultConfigurationIsVisible = 0;
			defaultConfigurationName = Release;
		};
/* End XCConfigurationList section */

/* Begin XCSwiftPackageProductDependency section */
		532410FC2605E4EF005C399F /* Login */ = {
			isa = XCSwiftPackageProductDependency;
			productName = Login;
		};
		53B8E09F2605EED800666F70 /* Feeds */ = {
			isa = XCSwiftPackageProductDependency;
			productName = Feeds;
		};
/* End XCSwiftPackageProductDependency section */
	};
	rootObject = 532410BE2605E4B6005C399F /* Project object */;
}
